// !$*UTF8*$!
{
	archiveVersion = 1;
	classes = {
	};
	objectVersion = 56;
	objects = {

/* Begin PBXBuildFile section */
		AB31E8932CD6FC5600AC7125 /* GoogleService-Info.plist in Resources */ = {isa = PBXBuildFile; fileRef = AB31E8922CD6FC5600AC7125 /* GoogleService-Info.plist */; };
		AB31E8962CD6FCD800AC7125 /* FirebaseAnalytics in Frameworks */ = {isa = PBXBuildFile; productRef = AB31E8952CD6FCD800AC7125 /* FirebaseAnalytics */; };
		AB31E8982CD6FCD800AC7125 /* FirebaseAnalyticsOnDeviceConversion in Frameworks */ = {isa = PBXBuildFile; productRef = AB31E8972CD6FCD800AC7125 /* FirebaseAnalyticsOnDeviceConversion */; };
		AB31E89A2CD6FCD800AC7125 /* FirebaseAnalyticsWithoutAdIdSupport in Frameworks */ = {isa = PBXBuildFile; productRef = AB31E8992CD6FCD800AC7125 /* FirebaseAnalyticsWithoutAdIdSupport */; };
		AB31E89C2CD6FCD800AC7125 /* FirebaseAuth in Frameworks */ = {isa = PBXBuildFile; productRef = AB31E89B2CD6FCD800AC7125 /* FirebaseAuth */; };
		AB31E89E2CD6FCD800AC7125 /* FirebaseFirestore in Frameworks */ = {isa = PBXBuildFile; productRef = AB31E89D2CD6FCD800AC7125 /* FirebaseFirestore */; };
		AB31E8A02CD6FCD800AC7125 /* FirebaseFirestoreCombine-Community in Frameworks */ = {isa = PBXBuildFile; productRef = AB31E89F2CD6FCD800AC7125 /* FirebaseFirestoreCombine-Community */; };
		AB31E8A22CD6FCD800AC7125 /* FirebaseStorage in Frameworks */ = {isa = PBXBuildFile; productRef = AB31E8A12CD6FCD800AC7125 /* FirebaseStorage */; };
		AB31E8A72CD7038A00AC7125 /* ProfileView.swift in Sources */ = {isa = PBXBuildFile; fileRef = AB31E8A62CD7038A00AC7125 /* ProfileView.swift */; };
		AB31E8A92CD703B900AC7125 /* InputView.swift in Sources */ = {isa = PBXBuildFile; fileRef = AB31E8A82CD703B900AC7125 /* InputView.swift */; };
		AB31E8AB2CD703CF00AC7125 /* SettingsRowView.swift in Sources */ = {isa = PBXBuildFile; fileRef = AB31E8AA2CD703CF00AC7125 /* SettingsRowView.swift */; };
		ABE393182CD6A6E800D5D6E9 /* HandmadenApp.swift in Sources */ = {isa = PBXBuildFile; fileRef = ABE393172CD6A6E800D5D6E9 /* HandmadenApp.swift */; };
		ABE3931A2CD6A6E800D5D6E9 /* MainTabView.swift in Sources */ = {isa = PBXBuildFile; fileRef = ABE393192CD6A6E800D5D6E9 /* MainTabView.swift */; };
		ABE3931C2CD6A6EB00D5D6E9 /* Assets.xcassets in Resources */ = {isa = PBXBuildFile; fileRef = ABE3931B2CD6A6EB00D5D6E9 /* Assets.xcassets */; };
		ABE3931F2CD6A6EB00D5D6E9 /* Preview Assets.xcassets in Resources */ = {isa = PBXBuildFile; fileRef = ABE3931E2CD6A6EB00D5D6E9 /* Preview Assets.xcassets */; };
		ABE393292CD6A6EB00D5D6E9 /* HandmadenTests.swift in Sources */ = {isa = PBXBuildFile; fileRef = ABE393282CD6A6EB00D5D6E9 /* HandmadenTests.swift */; };
		ABE393332CD6A6EB00D5D6E9 /* HandmadenUITests.swift in Sources */ = {isa = PBXBuildFile; fileRef = ABE393322CD6A6EB00D5D6E9 /* HandmadenUITests.swift */; };
		ABE393352CD6A6EB00D5D6E9 /* HandmadenUITestsLaunchTests.swift in Sources */ = {isa = PBXBuildFile; fileRef = ABE393342CD6A6EB00D5D6E9 /* HandmadenUITestsLaunchTests.swift */; };
		ABE393452CD6AF8A00D5D6E9 /* RootView.swift in Sources */ = {isa = PBXBuildFile; fileRef = ABE393442CD6AF8A00D5D6E9 /* RootView.swift */; };
		ABE3935F2CD6C8D700D5D6E9 /* User.swift in Sources */ = {isa = PBXBuildFile; fileRef = ABE3935E2CD6C8D700D5D6E9 /* User.swift */; };
		ABE393612CD6C8E000D5D6E9 /* Product.swift in Sources */ = {isa = PBXBuildFile; fileRef = ABE393602CD6C8E000D5D6E9 /* Product.swift */; };
		ABE393632CD6C8EE00D5D6E9 /* CartItem.swift in Sources */ = {isa = PBXBuildFile; fileRef = ABE393622CD6C8EE00D5D6E9 /* CartItem.swift */; };
		ABE393652CD6C8FE00D5D6E9 /* Order.swift in Sources */ = {isa = PBXBuildFile; fileRef = ABE393642CD6C8FE00D5D6E9 /* Order.swift */; };
		ABE393672CD6C90C00D5D6E9 /* UserSessionViewModel.swift in Sources */ = {isa = PBXBuildFile; fileRef = ABE393662CD6C90C00D5D6E9 /* UserSessionViewModel.swift */; };
		ABE393692CD6C91800D5D6E9 /* CartViewModel.swift in Sources */ = {isa = PBXBuildFile; fileRef = ABE393682CD6C91800D5D6E9 /* CartViewModel.swift */; };
		ABE3936B2CD6C92300D5D6E9 /* ProductViewModel.swift in Sources */ = {isa = PBXBuildFile; fileRef = ABE3936A2CD6C92300D5D6E9 /* ProductViewModel.swift */; };
		ABE3936D2CD6C92D00D5D6E9 /* AuthService.swift in Sources */ = {isa = PBXBuildFile; fileRef = ABE3936C2CD6C92D00D5D6E9 /* AuthService.swift */; };
		ABE3936F2CD6C93800D5D6E9 /* ProductService.swift in Sources */ = {isa = PBXBuildFile; fileRef = ABE3936E2CD6C93800D5D6E9 /* ProductService.swift */; };
		ABE393712CD6C94100D5D6E9 /* StripeService.swift in Sources */ = {isa = PBXBuildFile; fileRef = ABE393702CD6C94100D5D6E9 /* StripeService.swift */; };
		ABE393732CD6C94C00D5D6E9 /* APIManager.swift in Sources */ = {isa = PBXBuildFile; fileRef = ABE393722CD6C94C00D5D6E9 /* APIManager.swift */; };
		ABE393752CD6C95800D5D6E9 /* NetworkError.swift in Sources */ = {isa = PBXBuildFile; fileRef = ABE393742CD6C95800D5D6E9 /* NetworkError.swift */; };
		ABE393772CD6C97200D5D6E9 /* Helpers.swift in Sources */ = {isa = PBXBuildFile; fileRef = ABE393762CD6C97200D5D6E9 /* Helpers.swift */; };
		ABE3937B2CD6C99400D5D6E9 /* LoginView.swift in Sources */ = {isa = PBXBuildFile; fileRef = ABE3937A2CD6C99400D5D6E9 /* LoginView.swift */; };
		ABE3937D2CD6C99E00D5D6E9 /* SignUpView.swift in Sources */ = {isa = PBXBuildFile; fileRef = ABE3937C2CD6C99E00D5D6E9 /* SignUpView.swift */; };
		ABE3937F2CD6C9AC00D5D6E9 /* AuthViewModel.swift in Sources */ = {isa = PBXBuildFile; fileRef = ABE3937E2CD6C9AC00D5D6E9 /* AuthViewModel.swift */; };
		ABE393822CD6C9C700D5D6E9 /* HomeView.swift in Sources */ = {isa = PBXBuildFile; fileRef = ABE393812CD6C9C700D5D6E9 /* HomeView.swift */; };
		ABE393872CD6C9EF00D5D6E9 /* SearchView.swift in Sources */ = {isa = PBXBuildFile; fileRef = ABE393862CD6C9EF00D5D6E9 /* SearchView.swift */; };
		ABE393892CD6C9FC00D5D6E9 /* SearchViewModel.swift in Sources */ = {isa = PBXBuildFile; fileRef = ABE393882CD6C9FC00D5D6E9 /* SearchViewModel.swift */; };
		ABE3938C2CD6CA1500D5D6E9 /* SavedViewModel.swift in Sources */ = {isa = PBXBuildFile; fileRef = ABE3938B2CD6CA1500D5D6E9 /* SavedViewModel.swift */; };
		ABE3938F2CD6CA2500D5D6E9 /* SavedViews.swift in Sources */ = {isa = PBXBuildFile; fileRef = ABE3938E2CD6CA2500D5D6E9 /* SavedViews.swift */; };
		ABE393932CD6CA4400D5D6E9 /* CartView.swift in Sources */ = {isa = PBXBuildFile; fileRef = ABE393922CD6CA4400D5D6E9 /* CartView.swift */; };
		ABE393952CD6CA4C00D5D6E9 /* CheckoutView.swift in Sources */ = {isa = PBXBuildFile; fileRef = ABE393942CD6CA4C00D5D6E9 /* CheckoutView.swift */; };
		ABE393992CD6CAE600D5D6E9 /* LoadingView.swift in Sources */ = {isa = PBXBuildFile; fileRef = ABE393982CD6CAE600D5D6E9 /* LoadingView.swift */; };
/* End PBXBuildFile section */

/* Begin PBXContainerItemProxy section */
		ABE393252CD6A6EB00D5D6E9 /* PBXContainerItemProxy */ = {
			isa = PBXContainerItemProxy;
			containerPortal = ABE3930C2CD6A6E800D5D6E9 /* Project object */;
			proxyType = 1;
			remoteGlobalIDString = ABE393132CD6A6E800D5D6E9;
			remoteInfo = Handmaden;
		};
		ABE3932F2CD6A6EB00D5D6E9 /* PBXContainerItemProxy */ = {
			isa = PBXContainerItemProxy;
			containerPortal = ABE3930C2CD6A6E800D5D6E9 /* Project object */;
			proxyType = 1;
			remoteGlobalIDString = ABE393132CD6A6E800D5D6E9;
			remoteInfo = Handmaden;
		};
/* End PBXContainerItemProxy section */

/* Begin PBXFileReference section */
		AB31E8922CD6FC5600AC7125 /* GoogleService-Info.plist */ = {isa = PBXFileReference; fileEncoding = 4; lastKnownFileType = text.plist.xml; path = "GoogleService-Info.plist"; sourceTree = "<group>"; };
		AB31E8A62CD7038A00AC7125 /* ProfileView.swift */ = {isa = PBXFileReference; lastKnownFileType = sourcecode.swift; path = ProfileView.swift; sourceTree = "<group>"; };
		AB31E8A82CD703B900AC7125 /* InputView.swift */ = {isa = PBXFileReference; lastKnownFileType = sourcecode.swift; path = InputView.swift; sourceTree = "<group>"; };
		AB31E8AA2CD703CF00AC7125 /* SettingsRowView.swift */ = {isa = PBXFileReference; lastKnownFileType = sourcecode.swift; path = SettingsRowView.swift; sourceTree = "<group>"; };
		ABE393142CD6A6E800D5D6E9 /* Handmaden.app */ = {isa = PBXFileReference; explicitFileType = wrapper.application; includeInIndex = 0; path = Handmaden.app; sourceTree = BUILT_PRODUCTS_DIR; };
		ABE393172CD6A6E800D5D6E9 /* HandmadenApp.swift */ = {isa = PBXFileReference; lastKnownFileType = sourcecode.swift; path = HandmadenApp.swift; sourceTree = "<group>"; };
		ABE393192CD6A6E800D5D6E9 /* MainTabView.swift */ = {isa = PBXFileReference; lastKnownFileType = sourcecode.swift; path = MainTabView.swift; sourceTree = "<group>"; };
		ABE3931B2CD6A6EB00D5D6E9 /* Assets.xcassets */ = {isa = PBXFileReference; lastKnownFileType = folder.assetcatalog; path = Assets.xcassets; sourceTree = "<group>"; };
		ABE3931E2CD6A6EB00D5D6E9 /* Preview Assets.xcassets */ = {isa = PBXFileReference; lastKnownFileType = folder.assetcatalog; path = "Preview Assets.xcassets"; sourceTree = "<group>"; };
		ABE393242CD6A6EB00D5D6E9 /* HandmadenTests.xctest */ = {isa = PBXFileReference; explicitFileType = wrapper.cfbundle; includeInIndex = 0; path = HandmadenTests.xctest; sourceTree = BUILT_PRODUCTS_DIR; };
		ABE393282CD6A6EB00D5D6E9 /* HandmadenTests.swift */ = {isa = PBXFileReference; lastKnownFileType = sourcecode.swift; path = HandmadenTests.swift; sourceTree = "<group>"; };
		ABE3932E2CD6A6EB00D5D6E9 /* HandmadenUITests.xctest */ = {isa = PBXFileReference; explicitFileType = wrapper.cfbundle; includeInIndex = 0; path = HandmadenUITests.xctest; sourceTree = BUILT_PRODUCTS_DIR; };
		ABE393322CD6A6EB00D5D6E9 /* HandmadenUITests.swift */ = {isa = PBXFileReference; lastKnownFileType = sourcecode.swift; path = HandmadenUITests.swift; sourceTree = "<group>"; };
		ABE393342CD6A6EB00D5D6E9 /* HandmadenUITestsLaunchTests.swift */ = {isa = PBXFileReference; lastKnownFileType = sourcecode.swift; path = HandmadenUITestsLaunchTests.swift; sourceTree = "<group>"; };
		ABE393442CD6AF8A00D5D6E9 /* RootView.swift */ = {isa = PBXFileReference; lastKnownFileType = sourcecode.swift; path = RootView.swift; sourceTree = "<group>"; };
		ABE3935E2CD6C8D700D5D6E9 /* User.swift */ = {isa = PBXFileReference; lastKnownFileType = sourcecode.swift; path = User.swift; sourceTree = "<group>"; };
		ABE393602CD6C8E000D5D6E9 /* Product.swift */ = {isa = PBXFileReference; lastKnownFileType = sourcecode.swift; path = Product.swift; sourceTree = "<group>"; };
		ABE393622CD6C8EE00D5D6E9 /* CartItem.swift */ = {isa = PBXFileReference; lastKnownFileType = sourcecode.swift; path = CartItem.swift; sourceTree = "<group>"; };
		ABE393642CD6C8FE00D5D6E9 /* Order.swift */ = {isa = PBXFileReference; lastKnownFileType = sourcecode.swift; path = Order.swift; sourceTree = "<group>"; };
		ABE393662CD6C90C00D5D6E9 /* UserSessionViewModel.swift */ = {isa = PBXFileReference; lastKnownFileType = sourcecode.swift; path = UserSessionViewModel.swift; sourceTree = "<group>"; };
		ABE393682CD6C91800D5D6E9 /* CartViewModel.swift */ = {isa = PBXFileReference; lastKnownFileType = sourcecode.swift; path = CartViewModel.swift; sourceTree = "<group>"; };
		ABE3936A2CD6C92300D5D6E9 /* ProductViewModel.swift */ = {isa = PBXFileReference; lastKnownFileType = sourcecode.swift; path = ProductViewModel.swift; sourceTree = "<group>"; };
		ABE3936C2CD6C92D00D5D6E9 /* AuthService.swift */ = {isa = PBXFileReference; lastKnownFileType = sourcecode.swift; path = AuthService.swift; sourceTree = "<group>"; };
		ABE3936E2CD6C93800D5D6E9 /* ProductService.swift */ = {isa = PBXFileReference; lastKnownFileType = sourcecode.swift; path = ProductService.swift; sourceTree = "<group>"; };
		ABE393702CD6C94100D5D6E9 /* StripeService.swift */ = {isa = PBXFileReference; lastKnownFileType = sourcecode.swift; path = StripeService.swift; sourceTree = "<group>"; };
		ABE393722CD6C94C00D5D6E9 /* APIManager.swift */ = {isa = PBXFileReference; lastKnownFileType = sourcecode.swift; path = APIManager.swift; sourceTree = "<group>"; };
		ABE393742CD6C95800D5D6E9 /* NetworkError.swift */ = {isa = PBXFileReference; lastKnownFileType = sourcecode.swift; path = NetworkError.swift; sourceTree = "<group>"; };
		ABE393762CD6C97200D5D6E9 /* Helpers.swift */ = {isa = PBXFileReference; lastKnownFileType = sourcecode.swift; path = Helpers.swift; sourceTree = "<group>"; };
		ABE3937A2CD6C99400D5D6E9 /* LoginView.swift */ = {isa = PBXFileReference; lastKnownFileType = sourcecode.swift; path = LoginView.swift; sourceTree = "<group>"; };
		ABE3937C2CD6C99E00D5D6E9 /* SignUpView.swift */ = {isa = PBXFileReference; lastKnownFileType = sourcecode.swift; path = SignUpView.swift; sourceTree = "<group>"; };
		ABE3937E2CD6C9AC00D5D6E9 /* AuthViewModel.swift */ = {isa = PBXFileReference; lastKnownFileType = sourcecode.swift; path = AuthViewModel.swift; sourceTree = "<group>"; };
		ABE393812CD6C9C700D5D6E9 /* HomeView.swift */ = {isa = PBXFileReference; lastKnownFileType = sourcecode.swift; path = HomeView.swift; sourceTree = "<group>"; };
		ABE393862CD6C9EF00D5D6E9 /* SearchView.swift */ = {isa = PBXFileReference; lastKnownFileType = sourcecode.swift; path = SearchView.swift; sourceTree = "<group>"; };
		ABE393882CD6C9FC00D5D6E9 /* SearchViewModel.swift */ = {isa = PBXFileReference; lastKnownFileType = sourcecode.swift; path = SearchViewModel.swift; sourceTree = "<group>"; };
		ABE3938B2CD6CA1500D5D6E9 /* SavedViewModel.swift */ = {isa = PBXFileReference; lastKnownFileType = sourcecode.swift; path = SavedViewModel.swift; sourceTree = "<group>"; };
		ABE3938E2CD6CA2500D5D6E9 /* SavedViews.swift */ = {isa = PBXFileReference; lastKnownFileType = sourcecode.swift; path = SavedViews.swift; sourceTree = "<group>"; };
		ABE393922CD6CA4400D5D6E9 /* CartView.swift */ = {isa = PBXFileReference; lastKnownFileType = sourcecode.swift; path = CartView.swift; sourceTree = "<group>"; };
		ABE393942CD6CA4C00D5D6E9 /* CheckoutView.swift */ = {isa = PBXFileReference; lastKnownFileType = sourcecode.swift; path = CheckoutView.swift; sourceTree = "<group>"; };
		ABE393982CD6CAE600D5D6E9 /* LoadingView.swift */ = {isa = PBXFileReference; lastKnownFileType = sourcecode.swift; path = LoadingView.swift; sourceTree = "<group>"; };
/* End PBXFileReference section */

/* Begin PBXFrameworksBuildPhase section */
		ABE393112CD6A6E800D5D6E9 /* Frameworks */ = {
			isa = PBXFrameworksBuildPhase;
			buildActionMask = 2147483647;
			files = (
				AB31E8962CD6FCD800AC7125 /* FirebaseAnalytics in Frameworks */,
				AB31E89A2CD6FCD800AC7125 /* FirebaseAnalyticsWithoutAdIdSupport in Frameworks */,
				AB31E8982CD6FCD800AC7125 /* FirebaseAnalyticsOnDeviceConversion in Frameworks */,
				AB31E8A02CD6FCD800AC7125 /* FirebaseFirestoreCombine-Community in Frameworks */,
				AB31E8A22CD6FCD800AC7125 /* FirebaseStorage in Frameworks */,
				AB31E89E2CD6FCD800AC7125 /* FirebaseFirestore in Frameworks */,
				AB31E89C2CD6FCD800AC7125 /* FirebaseAuth in Frameworks */,
			);
			runOnlyForDeploymentPostprocessing = 0;
		};
		ABE393212CD6A6EB00D5D6E9 /* Frameworks */ = {
			isa = PBXFrameworksBuildPhase;
			buildActionMask = 2147483647;
			files = (
			);
			runOnlyForDeploymentPostprocessing = 0;
		};
		ABE3932B2CD6A6EB00D5D6E9 /* Frameworks */ = {
			isa = PBXFrameworksBuildPhase;
			buildActionMask = 2147483647;
			files = (
			);
			runOnlyForDeploymentPostprocessing = 0;
		};
/* End PBXFrameworksBuildPhase section */

/* Begin PBXGroup section */
		AB31E8A42CD7037700AC7125 /* Profile */ = {
			isa = PBXGroup;
			children = (
				AB31E8A52CD7037E00AC7125 /* Views */,
			);
			path = Profile;
			sourceTree = "<group>";
		};
		AB31E8A52CD7037E00AC7125 /* Views */ = {
			isa = PBXGroup;
			children = (
				AB31E8A62CD7038A00AC7125 /* ProfileView.swift */,
			);
			path = Views;
			sourceTree = "<group>";
		};
		ABE3930B2CD6A6E800D5D6E9 = {
			isa = PBXGroup;
			children = (
				AB31E8922CD6FC5600AC7125 /* GoogleService-Info.plist */,
				ABE393162CD6A6E800D5D6E9 /* Handmaden */,
				ABE393272CD6A6EB00D5D6E9 /* HandmadenTests */,
				ABE393312CD6A6EB00D5D6E9 /* HandmadenUITests */,
				ABE393152CD6A6E800D5D6E9 /* Products */,
			);
			sourceTree = "<group>";
		};
		ABE393152CD6A6E800D5D6E9 /* Products */ = {
			isa = PBXGroup;
			children = (
				ABE393142CD6A6E800D5D6E9 /* Handmaden.app */,
				ABE393242CD6A6EB00D5D6E9 /* HandmadenTests.xctest */,
				ABE3932E2CD6A6EB00D5D6E9 /* HandmadenUITests.xctest */,
			);
			name = Products;
			sourceTree = "<group>";
		};
		ABE393162CD6A6E800D5D6E9 /* Handmaden */ = {
			isa = PBXGroup;
			children = (
				ABE393412CD6AE5E00D5D6E9 /* App */,
				ABE393422CD6AE6600D5D6E9 /* Core */,
				ABE393432CD6AE6E00D5D6E9 /* Features */,
				ABE393572CD6B1B800D5D6E9 /* Shared */,
				ABE3935C2CD6B24000D5D6E9 /* Resources */,
				ABE3931B2CD6A6EB00D5D6E9 /* Assets.xcassets */,
				ABE3931D2CD6A6EB00D5D6E9 /* Preview Content */,
			);
			path = Handmaden;
			sourceTree = "<group>";
		};
		ABE3931D2CD6A6EB00D5D6E9 /* Preview Content */ = {
			isa = PBXGroup;
			children = (
				ABE3931E2CD6A6EB00D5D6E9 /* Preview Assets.xcassets */,
			);
			path = "Preview Content";
			sourceTree = "<group>";
		};
		ABE393272CD6A6EB00D5D6E9 /* HandmadenTests */ = {
			isa = PBXGroup;
			children = (
				ABE393282CD6A6EB00D5D6E9 /* HandmadenTests.swift */,
			);
			path = HandmadenTests;
			sourceTree = "<group>";
		};
		ABE393312CD6A6EB00D5D6E9 /* HandmadenUITests */ = {
			isa = PBXGroup;
			children = (
				ABE393322CD6A6EB00D5D6E9 /* HandmadenUITests.swift */,
				ABE393342CD6A6EB00D5D6E9 /* HandmadenUITestsLaunchTests.swift */,
			);
			path = HandmadenUITests;
			sourceTree = "<group>";
		};
		ABE393412CD6AE5E00D5D6E9 /* App */ = {
			isa = PBXGroup;
			children = (
				ABE393192CD6A6E800D5D6E9 /* MainTabView.swift */,
				ABE393172CD6A6E800D5D6E9 /* HandmadenApp.swift */,
				ABE393442CD6AF8A00D5D6E9 /* RootView.swift */,
				ABE393982CD6CAE600D5D6E9 /* LoadingView.swift */,
			);
			path = App;
			sourceTree = "<group>";
		};
		ABE393422CD6AE6600D5D6E9 /* Core */ = {
			isa = PBXGroup;
			children = (
				ABE3934F2CD6B02B00D5D6E9 /* Models */,
				ABE3934E2CD6B02500D5D6E9 /* ViewModels */,
				ABE3934D2CD6B01E00D5D6E9 /* Services */,
				ABE3934C2CD6B01700D5D6E9 /* Networking */,
				ABE3934B2CD6B00B00D5D6E9 /* Utilities */,
			);
			path = Core;
			sourceTree = "<group>";
		};
		ABE393432CD6AE6E00D5D6E9 /* Features */ = {
			isa = PBXGroup;
			children = (
				AB31E8A42CD7037700AC7125 /* Profile */,
				ABE393562CD6B10300D5D6E9 /* Auth */,
				ABE393552CD6B0FC00D5D6E9 /* Home */,
				ABE393542CD6B0F400D5D6E9 /* Search */,
				ABE393532CD6B0EE00D5D6E9 /* Saved */,
				ABE393522CD6B0E600D5D6E9 /* Cart */,
				ABE393512CD6B0DF00D5D6E9 /* Admin */,
			);
			path = Features;
			sourceTree = "<group>";
		};
		ABE3934B2CD6B00B00D5D6E9 /* Utilities */ = {
			isa = PBXGroup;
			children = (
				ABE393762CD6C97200D5D6E9 /* Helpers.swift */,
			);
			path = Utilities;
			sourceTree = "<group>";
		};
		ABE3934C2CD6B01700D5D6E9 /* Networking */ = {
			isa = PBXGroup;
			children = (
				ABE393722CD6C94C00D5D6E9 /* APIManager.swift */,
				ABE393742CD6C95800D5D6E9 /* NetworkError.swift */,
			);
			path = Networking;
			sourceTree = "<group>";
		};
		ABE3934D2CD6B01E00D5D6E9 /* Services */ = {
			isa = PBXGroup;
			children = (
				ABE3936C2CD6C92D00D5D6E9 /* AuthService.swift */,
				ABE3936E2CD6C93800D5D6E9 /* ProductService.swift */,
				ABE393702CD6C94100D5D6E9 /* StripeService.swift */,
			);
			path = Services;
			sourceTree = "<group>";
		};
		ABE3934E2CD6B02500D5D6E9 /* ViewModels */ = {
			isa = PBXGroup;
			children = (
				ABE393662CD6C90C00D5D6E9 /* UserSessionViewModel.swift */,
				ABE393682CD6C91800D5D6E9 /* CartViewModel.swift */,
				ABE3936A2CD6C92300D5D6E9 /* ProductViewModel.swift */,
			);
			path = ViewModels;
			sourceTree = "<group>";
		};
		ABE3934F2CD6B02B00D5D6E9 /* Models */ = {
			isa = PBXGroup;
			children = (
				ABE3935E2CD6C8D700D5D6E9 /* User.swift */,
				ABE393602CD6C8E000D5D6E9 /* Product.swift */,
				ABE393622CD6C8EE00D5D6E9 /* CartItem.swift */,
				ABE393642CD6C8FE00D5D6E9 /* Order.swift */,
			);
			path = Models;
			sourceTree = "<group>";
		};
		ABE393512CD6B0DF00D5D6E9 /* Admin */ = {
			isa = PBXGroup;
			children = (
			);
			path = Admin;
			sourceTree = "<group>";
		};
		ABE393522CD6B0E600D5D6E9 /* Cart */ = {
			isa = PBXGroup;
			children = (
				ABE393912CD6CA3600D5D6E9 /* Views */,
			);
			path = Cart;
			sourceTree = "<group>";
		};
		ABE393532CD6B0EE00D5D6E9 /* Saved */ = {
			isa = PBXGroup;
			children = (
				ABE3938D2CD6CA1800D5D6E9 /* Views */,
				ABE3938A2CD6CA0200D5D6E9 /* ViewModels */,
			);
			path = Saved;
			sourceTree = "<group>";
		};
		ABE393542CD6B0F400D5D6E9 /* Search */ = {
			isa = PBXGroup;
			children = (
				ABE393832CD6C9D000D5D6E9 /* Views */,
				ABE393842CD6C9D600D5D6E9 /* ViewModels */,
			);
			path = Search;
			sourceTree = "<group>";
		};
		ABE393552CD6B0FC00D5D6E9 /* Home */ = {
			isa = PBXGroup;
			children = (
				ABE393802CD6C9B900D5D6E9 /* Views */,
			);
			path = Home;
			sourceTree = "<group>";
		};
		ABE393562CD6B10300D5D6E9 /* Auth */ = {
			isa = PBXGroup;
			children = (
				ABE393782CD6C98400D5D6E9 /* Views */,
				ABE393792CD6C98900D5D6E9 /* ViewModels */,
			);
			path = Auth;
			sourceTree = "<group>";
		};
		ABE393572CD6B1B800D5D6E9 /* Shared */ = {
			isa = PBXGroup;
			children = (
				ABE3935B2CD6B22400D5D6E9 /* Styles */,
				ABE393592CD6B1ED00D5D6E9 /* Modifiers */,
				ABE393582CD6B1DF00D5D6E9 /* Components */,
			);
			path = Shared;
			sourceTree = "<group>";
		};
		ABE393582CD6B1DF00D5D6E9 /* Components */ = {
			isa = PBXGroup;
			children = (
				AB31E8A82CD703B900AC7125 /* InputView.swift */,
				AB31E8AA2CD703CF00AC7125 /* SettingsRowView.swift */,
			);
			path = Components;
			sourceTree = "<group>";
		};
		ABE393592CD6B1ED00D5D6E9 /* Modifiers */ = {
			isa = PBXGroup;
			children = (
			);
			path = Modifiers;
			sourceTree = "<group>";
		};
		ABE3935B2CD6B22400D5D6E9 /* Styles */ = {
			isa = PBXGroup;
			children = (
			);
			path = Styles;
			sourceTree = "<group>";
		};
		ABE3935C2CD6B24000D5D6E9 /* Resources */ = {
			isa = PBXGroup;
			children = (
				ABE3935D2CD6B25000D5D6E9 /* Fonts */,
			);
			path = Resources;
			sourceTree = "<group>";
		};
		ABE3935D2CD6B25000D5D6E9 /* Fonts */ = {
			isa = PBXGroup;
			children = (
			);
			path = Fonts;
			sourceTree = "<group>";
		};
		ABE393782CD6C98400D5D6E9 /* Views */ = {
			isa = PBXGroup;
			children = (
				ABE3937A2CD6C99400D5D6E9 /* LoginView.swift */,
				ABE3937C2CD6C99E00D5D6E9 /* SignUpView.swift */,
			);
			path = Views;
			sourceTree = "<group>";
		};
		ABE393792CD6C98900D5D6E9 /* ViewModels */ = {
			isa = PBXGroup;
			children = (
				ABE3937E2CD6C9AC00D5D6E9 /* AuthViewModel.swift */,
			);
			path = ViewModels;
			sourceTree = "<group>";
		};
		ABE393802CD6C9B900D5D6E9 /* Views */ = {
			isa = PBXGroup;
			children = (
				ABE393812CD6C9C700D5D6E9 /* HomeView.swift */,
			);
			path = Views;
			sourceTree = "<group>";
		};
		ABE393832CD6C9D000D5D6E9 /* Views */ = {
			isa = PBXGroup;
			children = (
				ABE393862CD6C9EF00D5D6E9 /* SearchView.swift */,
			);
			path = Views;
			sourceTree = "<group>";
		};
		ABE393842CD6C9D600D5D6E9 /* ViewModels */ = {
			isa = PBXGroup;
			children = (
				ABE393882CD6C9FC00D5D6E9 /* SearchViewModel.swift */,
			);
			path = ViewModels;
			sourceTree = "<group>";
		};
		ABE3938A2CD6CA0200D5D6E9 /* ViewModels */ = {
			isa = PBXGroup;
			children = (
				ABE3938B2CD6CA1500D5D6E9 /* SavedViewModel.swift */,
			);
			path = ViewModels;
			sourceTree = "<group>";
		};
		ABE3938D2CD6CA1800D5D6E9 /* Views */ = {
			isa = PBXGroup;
			children = (
				ABE3938E2CD6CA2500D5D6E9 /* SavedViews.swift */,
			);
			path = Views;
			sourceTree = "<group>";
		};
		ABE393912CD6CA3600D5D6E9 /* Views */ = {
			isa = PBXGroup;
			children = (
				ABE393922CD6CA4400D5D6E9 /* CartView.swift */,
				ABE393942CD6CA4C00D5D6E9 /* CheckoutView.swift */,
			);
			path = Views;
			sourceTree = "<group>";
		};
/* End PBXGroup section */

/* Begin PBXNativeTarget section */
		ABE393132CD6A6E800D5D6E9 /* Handmaden */ = {
			isa = PBXNativeTarget;
			buildConfigurationList = ABE393382CD6A6EB00D5D6E9 /* Build configuration list for PBXNativeTarget "Handmaden" */;
			buildPhases = (
				ABE393102CD6A6E800D5D6E9 /* Sources */,
				ABE393112CD6A6E800D5D6E9 /* Frameworks */,
				ABE393122CD6A6E800D5D6E9 /* Resources */,
			);
			buildRules = (
			);
			dependencies = (
			);
			name = Handmaden;
			packageProductDependencies = (
				AB31E8952CD6FCD800AC7125 /* FirebaseAnalytics */,
				AB31E8972CD6FCD800AC7125 /* FirebaseAnalyticsOnDeviceConversion */,
				AB31E8992CD6FCD800AC7125 /* FirebaseAnalyticsWithoutAdIdSupport */,
				AB31E89B2CD6FCD800AC7125 /* FirebaseAuth */,
				AB31E89D2CD6FCD800AC7125 /* FirebaseFirestore */,
				AB31E89F2CD6FCD800AC7125 /* FirebaseFirestoreCombine-Community */,
				AB31E8A12CD6FCD800AC7125 /* FirebaseStorage */,
			);
			productName = Handmaden;
			productReference = ABE393142CD6A6E800D5D6E9 /* Handmaden.app */;
			productType = "com.apple.product-type.application";
		};
		ABE393232CD6A6EB00D5D6E9 /* HandmadenTests */ = {
			isa = PBXNativeTarget;
			buildConfigurationList = ABE3933B2CD6A6EB00D5D6E9 /* Build configuration list for PBXNativeTarget "HandmadenTests" */;
			buildPhases = (
				ABE393202CD6A6EB00D5D6E9 /* Sources */,
				ABE393212CD6A6EB00D5D6E9 /* Frameworks */,
				ABE393222CD6A6EB00D5D6E9 /* Resources */,
			);
			buildRules = (
			);
			dependencies = (
				ABE393262CD6A6EB00D5D6E9 /* PBXTargetDependency */,
			);
			name = HandmadenTests;
			productName = HandmadenTests;
			productReference = ABE393242CD6A6EB00D5D6E9 /* HandmadenTests.xctest */;
			productType = "com.apple.product-type.bundle.unit-test";
		};
		ABE3932D2CD6A6EB00D5D6E9 /* HandmadenUITests */ = {
			isa = PBXNativeTarget;
			buildConfigurationList = ABE3933E2CD6A6EB00D5D6E9 /* Build configuration list for PBXNativeTarget "HandmadenUITests" */;
			buildPhases = (
				ABE3932A2CD6A6EB00D5D6E9 /* Sources */,
				ABE3932B2CD6A6EB00D5D6E9 /* Frameworks */,
				ABE3932C2CD6A6EB00D5D6E9 /* Resources */,
			);
			buildRules = (
			);
			dependencies = (
				ABE393302CD6A6EB00D5D6E9 /* PBXTargetDependency */,
			);
			name = HandmadenUITests;
			productName = HandmadenUITests;
			productReference = ABE3932E2CD6A6EB00D5D6E9 /* HandmadenUITests.xctest */;
			productType = "com.apple.product-type.bundle.ui-testing";
		};
/* End PBXNativeTarget section */

/* Begin PBXProject section */
		ABE3930C2CD6A6E800D5D6E9 /* Project object */ = {
			isa = PBXProject;
			attributes = {
				BuildIndependentTargetsInParallel = 1;
				LastSwiftUpdateCheck = 1540;
				LastUpgradeCheck = 1540;
				TargetAttributes = {
					ABE393132CD6A6E800D5D6E9 = {
						CreatedOnToolsVersion = 15.4;
					};
					ABE393232CD6A6EB00D5D6E9 = {
						CreatedOnToolsVersion = 15.4;
						TestTargetID = ABE393132CD6A6E800D5D6E9;
					};
					ABE3932D2CD6A6EB00D5D6E9 = {
						CreatedOnToolsVersion = 15.4;
						TestTargetID = ABE393132CD6A6E800D5D6E9;
					};
				};
			};
			buildConfigurationList = ABE3930F2CD6A6E800D5D6E9 /* Build configuration list for PBXProject "Handmaden" */;
			compatibilityVersion = "Xcode 14.0";
			developmentRegion = en;
			hasScannedForEncodings = 0;
			knownRegions = (
				en,
				Base,
			);
			mainGroup = ABE3930B2CD6A6E800D5D6E9;
			packageReferences = (
				AB31E8942CD6FCD800AC7125 /* XCRemoteSwiftPackageReference "firebase-ios-sdk" */,
			);
			productRefGroup = ABE393152CD6A6E800D5D6E9 /* Products */;
			projectDirPath = "";
			projectRoot = "";
			targets = (
				ABE393132CD6A6E800D5D6E9 /* Handmaden */,
				ABE393232CD6A6EB00D5D6E9 /* HandmadenTests */,
				ABE3932D2CD6A6EB00D5D6E9 /* HandmadenUITests */,
			);
		};
/* End PBXProject section */

/* Begin PBXResourcesBuildPhase section */
		ABE393122CD6A6E800D5D6E9 /* Resources */ = {
			isa = PBXResourcesBuildPhase;
			buildActionMask = 2147483647;
			files = (
				ABE3931F2CD6A6EB00D5D6E9 /* Preview Assets.xcassets in Resources */,
				ABE3931C2CD6A6EB00D5D6E9 /* Assets.xcassets in Resources */,
				AB31E8932CD6FC5600AC7125 /* GoogleService-Info.plist in Resources */,
			);
			runOnlyForDeploymentPostprocessing = 0;
		};
		ABE393222CD6A6EB00D5D6E9 /* Resources */ = {
			isa = PBXResourcesBuildPhase;
			buildActionMask = 2147483647;
			files = (
			);
			runOnlyForDeploymentPostprocessing = 0;
		};
		ABE3932C2CD6A6EB00D5D6E9 /* Resources */ = {
			isa = PBXResourcesBuildPhase;
			buildActionMask = 2147483647;
			files = (
			);
			runOnlyForDeploymentPostprocessing = 0;
		};
/* End PBXResourcesBuildPhase section */

/* Begin PBXSourcesBuildPhase section */
		ABE393102CD6A6E800D5D6E9 /* Sources */ = {
			isa = PBXSourcesBuildPhase;
			buildActionMask = 2147483647;
			files = (
				ABE393892CD6C9FC00D5D6E9 /* SearchViewModel.swift in Sources */,
				ABE3935F2CD6C8D700D5D6E9 /* User.swift in Sources */,
				AB31E8AB2CD703CF00AC7125 /* SettingsRowView.swift in Sources */,
				ABE3931A2CD6A6E800D5D6E9 /* MainTabView.swift in Sources */,
				ABE393612CD6C8E000D5D6E9 /* Product.swift in Sources */,
				ABE3938F2CD6CA2500D5D6E9 /* SavedViews.swift in Sources */,
				ABE393992CD6CAE600D5D6E9 /* LoadingView.swift in Sources */,
				ABE393182CD6A6E800D5D6E9 /* HandmadenApp.swift in Sources */,
				ABE393712CD6C94100D5D6E9 /* StripeService.swift in Sources */,
				ABE3936B2CD6C92300D5D6E9 /* ProductViewModel.swift in Sources */,
				ABE3937F2CD6C9AC00D5D6E9 /* AuthViewModel.swift in Sources */,
				ABE393732CD6C94C00D5D6E9 /* APIManager.swift in Sources */,
				ABE3936F2CD6C93800D5D6E9 /* ProductService.swift in Sources */,
				AB31E8A72CD7038A00AC7125 /* ProfileView.swift in Sources */,
				ABE3936D2CD6C92D00D5D6E9 /* AuthService.swift in Sources */,
				ABE393872CD6C9EF00D5D6E9 /* SearchView.swift in Sources */,
				ABE393752CD6C95800D5D6E9 /* NetworkError.swift in Sources */,
				ABE3937B2CD6C99400D5D6E9 /* LoginView.swift in Sources */,
				ABE393672CD6C90C00D5D6E9 /* UserSessionViewModel.swift in Sources */,
				ABE393822CD6C9C700D5D6E9 /* HomeView.swift in Sources */,
				ABE393772CD6C97200D5D6E9 /* Helpers.swift in Sources */,
				ABE393632CD6C8EE00D5D6E9 /* CartItem.swift in Sources */,
				ABE393692CD6C91800D5D6E9 /* CartViewModel.swift in Sources */,
				ABE393952CD6CA4C00D5D6E9 /* CheckoutView.swift in Sources */,
				ABE393932CD6CA4400D5D6E9 /* CartView.swift in Sources */,
				ABE393452CD6AF8A00D5D6E9 /* RootView.swift in Sources */,
				ABE3937D2CD6C99E00D5D6E9 /* SignUpView.swift in Sources */,
				ABE3938C2CD6CA1500D5D6E9 /* SavedViewModel.swift in Sources */,
				AB31E8A92CD703B900AC7125 /* InputView.swift in Sources */,
				ABE393652CD6C8FE00D5D6E9 /* Order.swift in Sources */,
			);
			runOnlyForDeploymentPostprocessing = 0;
		};
		ABE393202CD6A6EB00D5D6E9 /* Sources */ = {
			isa = PBXSourcesBuildPhase;
			buildActionMask = 2147483647;
			files = (
				ABE393292CD6A6EB00D5D6E9 /* HandmadenTests.swift in Sources */,
			);
			runOnlyForDeploymentPostprocessing = 0;
		};
		ABE3932A2CD6A6EB00D5D6E9 /* Sources */ = {
			isa = PBXSourcesBuildPhase;
			buildActionMask = 2147483647;
			files = (
				ABE393332CD6A6EB00D5D6E9 /* HandmadenUITests.swift in Sources */,
				ABE393352CD6A6EB00D5D6E9 /* HandmadenUITestsLaunchTests.swift in Sources */,
			);
			runOnlyForDeploymentPostprocessing = 0;
		};
/* End PBXSourcesBuildPhase section */

/* Begin PBXTargetDependency section */
		ABE393262CD6A6EB00D5D6E9 /* PBXTargetDependency */ = {
			isa = PBXTargetDependency;
			target = ABE393132CD6A6E800D5D6E9 /* Handmaden */;
			targetProxy = ABE393252CD6A6EB00D5D6E9 /* PBXContainerItemProxy */;
		};
		ABE393302CD6A6EB00D5D6E9 /* PBXTargetDependency */ = {
			isa = PBXTargetDependency;
			target = ABE393132CD6A6E800D5D6E9 /* Handmaden */;
			targetProxy = ABE3932F2CD6A6EB00D5D6E9 /* PBXContainerItemProxy */;
		};
/* End PBXTargetDependency section */

/* Begin XCBuildConfiguration section */
		ABE393362CD6A6EB00D5D6E9 /* Debug */ = {
			isa = XCBuildConfiguration;
			buildSettings = {
				ALWAYS_SEARCH_USER_PATHS = NO;
				ASSETCATALOG_COMPILER_GENERATE_SWIFT_ASSET_SYMBOL_EXTENSIONS = YES;
				CLANG_ANALYZER_NONNULL = YES;
				CLANG_ANALYZER_NUMBER_OBJECT_CONVERSION = YES_AGGRESSIVE;
				CLANG_CXX_LANGUAGE_STANDARD = "gnu++20";
				CLANG_ENABLE_MODULES = YES;
				CLANG_ENABLE_OBJC_ARC = YES;
				CLANG_ENABLE_OBJC_WEAK = YES;
				CLANG_WARN_BLOCK_CAPTURE_AUTORELEASING = YES;
				CLANG_WARN_BOOL_CONVERSION = YES;
				CLANG_WARN_COMMA = YES;
				CLANG_WARN_CONSTANT_CONVERSION = YES;
				CLANG_WARN_DEPRECATED_OBJC_IMPLEMENTATIONS = YES;
				CLANG_WARN_DIRECT_OBJC_ISA_USAGE = YES_ERROR;
				CLANG_WARN_DOCUMENTATION_COMMENTS = YES;
				CLANG_WARN_EMPTY_BODY = YES;
				CLANG_WARN_ENUM_CONVERSION = YES;
				CLANG_WARN_INFINITE_RECURSION = YES;
				CLANG_WARN_INT_CONVERSION = YES;
				CLANG_WARN_NON_LITERAL_NULL_CONVERSION = YES;
				CLANG_WARN_OBJC_IMPLICIT_RETAIN_SELF = YES;
				CLANG_WARN_OBJC_LITERAL_CONVERSION = YES;
				CLANG_WARN_OBJC_ROOT_CLASS = YES_ERROR;
				CLANG_WARN_QUOTED_INCLUDE_IN_FRAMEWORK_HEADER = YES;
				CLANG_WARN_RANGE_LOOP_ANALYSIS = YES;
				CLANG_WARN_STRICT_PROTOTYPES = YES;
				CLANG_WARN_SUSPICIOUS_MOVE = YES;
				CLANG_WARN_UNGUARDED_AVAILABILITY = YES_AGGRESSIVE;
				CLANG_WARN_UNREACHABLE_CODE = YES;
				CLANG_WARN__DUPLICATE_METHOD_MATCH = YES;
				COPY_PHASE_STRIP = NO;
				DEBUG_INFORMATION_FORMAT = dwarf;
				ENABLE_STRICT_OBJC_MSGSEND = YES;
				ENABLE_TESTABILITY = YES;
				ENABLE_USER_SCRIPT_SANDBOXING = YES;
				GCC_C_LANGUAGE_STANDARD = gnu17;
				GCC_DYNAMIC_NO_PIC = NO;
				GCC_NO_COMMON_BLOCKS = YES;
				GCC_OPTIMIZATION_LEVEL = 0;
				GCC_PREPROCESSOR_DEFINITIONS = (
					"DEBUG=1",
					"$(inherited)",
				);
				GCC_WARN_64_TO_32_BIT_CONVERSION = YES;
				GCC_WARN_ABOUT_RETURN_TYPE = YES_ERROR;
				GCC_WARN_UNDECLARED_SELECTOR = YES;
				GCC_WARN_UNINITIALIZED_AUTOS = YES_AGGRESSIVE;
				GCC_WARN_UNUSED_FUNCTION = YES;
				GCC_WARN_UNUSED_VARIABLE = YES;
				IPHONEOS_DEPLOYMENT_TARGET = 17.5;
				LOCALIZATION_PREFERS_STRING_CATALOGS = YES;
				MTL_ENABLE_DEBUG_INFO = INCLUDE_SOURCE;
				MTL_FAST_MATH = YES;
				ONLY_ACTIVE_ARCH = YES;
				SDKROOT = iphoneos;
				SWIFT_ACTIVE_COMPILATION_CONDITIONS = "DEBUG $(inherited)";
				SWIFT_OPTIMIZATION_LEVEL = "-Onone";
			};
			name = Debug;
		};
		ABE393372CD6A6EB00D5D6E9 /* Release */ = {
			isa = XCBuildConfiguration;
			buildSettings = {
				ALWAYS_SEARCH_USER_PATHS = NO;
				ASSETCATALOG_COMPILER_GENERATE_SWIFT_ASSET_SYMBOL_EXTENSIONS = YES;
				CLANG_ANALYZER_NONNULL = YES;
				CLANG_ANALYZER_NUMBER_OBJECT_CONVERSION = YES_AGGRESSIVE;
				CLANG_CXX_LANGUAGE_STANDARD = "gnu++20";
				CLANG_ENABLE_MODULES = YES;
				CLANG_ENABLE_OBJC_ARC = YES;
				CLANG_ENABLE_OBJC_WEAK = YES;
				CLANG_WARN_BLOCK_CAPTURE_AUTORELEASING = YES;
				CLANG_WARN_BOOL_CONVERSION = YES;
				CLANG_WARN_COMMA = YES;
				CLANG_WARN_CONSTANT_CONVERSION = YES;
				CLANG_WARN_DEPRECATED_OBJC_IMPLEMENTATIONS = YES;
				CLANG_WARN_DIRECT_OBJC_ISA_USAGE = YES_ERROR;
				CLANG_WARN_DOCUMENTATION_COMMENTS = YES;
				CLANG_WARN_EMPTY_BODY = YES;
				CLANG_WARN_ENUM_CONVERSION = YES;
				CLANG_WARN_INFINITE_RECURSION = YES;
				CLANG_WARN_INT_CONVERSION = YES;
				CLANG_WARN_NON_LITERAL_NULL_CONVERSION = YES;
				CLANG_WARN_OBJC_IMPLICIT_RETAIN_SELF = YES;
				CLANG_WARN_OBJC_LITERAL_CONVERSION = YES;
				CLANG_WARN_OBJC_ROOT_CLASS = YES_ERROR;
				CLANG_WARN_QUOTED_INCLUDE_IN_FRAMEWORK_HEADER = YES;
				CLANG_WARN_RANGE_LOOP_ANALYSIS = YES;
				CLANG_WARN_STRICT_PROTOTYPES = YES;
				CLANG_WARN_SUSPICIOUS_MOVE = YES;
				CLANG_WARN_UNGUARDED_AVAILABILITY = YES_AGGRESSIVE;
				CLANG_WARN_UNREACHABLE_CODE = YES;
				CLANG_WARN__DUPLICATE_METHOD_MATCH = YES;
				COPY_PHASE_STRIP = NO;
				DEBUG_INFORMATION_FORMAT = "dwarf-with-dsym";
				ENABLE_NS_ASSERTIONS = NO;
				ENABLE_STRICT_OBJC_MSGSEND = YES;
				ENABLE_USER_SCRIPT_SANDBOXING = YES;
				GCC_C_LANGUAGE_STANDARD = gnu17;
				GCC_NO_COMMON_BLOCKS = YES;
				GCC_WARN_64_TO_32_BIT_CONVERSION = YES;
				GCC_WARN_ABOUT_RETURN_TYPE = YES_ERROR;
				GCC_WARN_UNDECLARED_SELECTOR = YES;
				GCC_WARN_UNINITIALIZED_AUTOS = YES_AGGRESSIVE;
				GCC_WARN_UNUSED_FUNCTION = YES;
				GCC_WARN_UNUSED_VARIABLE = YES;
				IPHONEOS_DEPLOYMENT_TARGET = 17.5;
				LOCALIZATION_PREFERS_STRING_CATALOGS = YES;
				MTL_ENABLE_DEBUG_INFO = NO;
				MTL_FAST_MATH = YES;
				SDKROOT = iphoneos;
				SWIFT_COMPILATION_MODE = wholemodule;
				VALIDATE_PRODUCT = YES;
			};
			name = Release;
		};
		ABE393392CD6A6EB00D5D6E9 /* Debug */ = {
			isa = XCBuildConfiguration;
			buildSettings = {
				ASSETCATALOG_COMPILER_APPICON_NAME = AppIcon;
				ASSETCATALOG_COMPILER_GLOBAL_ACCENT_COLOR_NAME = AccentColor;
				CODE_SIGN_STYLE = Automatic;
				CURRENT_PROJECT_VERSION = 1;
				DEVELOPMENT_ASSET_PATHS = "\"Handmaden/Preview Content\"";
				ENABLE_PREVIEWS = YES;
				GENERATE_INFOPLIST_FILE = YES;
				INFOPLIST_KEY_UIApplicationSceneManifest_Generation = YES;
				INFOPLIST_KEY_UIApplicationSupportsIndirectInputEvents = YES;
				INFOPLIST_KEY_UILaunchScreen_Generation = YES;
				INFOPLIST_KEY_UISupportedInterfaceOrientations_iPad = "UIInterfaceOrientationPortrait UIInterfaceOrientationPortraitUpsideDown UIInterfaceOrientationLandscapeLeft UIInterfaceOrientationLandscapeRight";
				INFOPLIST_KEY_UISupportedInterfaceOrientations_iPhone = "UIInterfaceOrientationPortrait UIInterfaceOrientationLandscapeLeft UIInterfaceOrientationLandscapeRight";
				LD_RUNPATH_SEARCH_PATHS = (
					"$(inherited)",
					"@executable_path/Frameworks",
				);
				MARKETING_VERSION = 1.0;
				PRODUCT_BUNDLE_IDENTIFIER = me.f.alex.Handmaden;
				PRODUCT_NAME = "$(TARGET_NAME)";
				SWIFT_EMIT_LOC_STRINGS = YES;
				SWIFT_VERSION = 5.0;
				TARGETED_DEVICE_FAMILY = "1,2";
			};
			name = Debug;
		};
		ABE3933A2CD6A6EB00D5D6E9 /* Release */ = {
			isa = XCBuildConfiguration;
			buildSettings = {
				ASSETCATALOG_COMPILER_APPICON_NAME = AppIcon;
				ASSETCATALOG_COMPILER_GLOBAL_ACCENT_COLOR_NAME = AccentColor;
				CODE_SIGN_STYLE = Automatic;
				CURRENT_PROJECT_VERSION = 1;
				DEVELOPMENT_ASSET_PATHS = "\"Handmaden/Preview Content\"";
				ENABLE_PREVIEWS = YES;
				GENERATE_INFOPLIST_FILE = YES;
				INFOPLIST_KEY_UIApplicationSceneManifest_Generation = YES;
				INFOPLIST_KEY_UIApplicationSupportsIndirectInputEvents = YES;
				INFOPLIST_KEY_UILaunchScreen_Generation = YES;
				INFOPLIST_KEY_UISupportedInterfaceOrientations_iPad = "UIInterfaceOrientationPortrait UIInterfaceOrientationPortraitUpsideDown UIInterfaceOrientationLandscapeLeft UIInterfaceOrientationLandscapeRight";
				INFOPLIST_KEY_UISupportedInterfaceOrientations_iPhone = "UIInterfaceOrientationPortrait UIInterfaceOrientationLandscapeLeft UIInterfaceOrientationLandscapeRight";
				LD_RUNPATH_SEARCH_PATHS = (
					"$(inherited)",
					"@executable_path/Frameworks",
				);
				MARKETING_VERSION = 1.0;
				PRODUCT_BUNDLE_IDENTIFIER = me.f.alex.Handmaden;
				PRODUCT_NAME = "$(TARGET_NAME)";
				SWIFT_EMIT_LOC_STRINGS = YES;
				SWIFT_VERSION = 5.0;
				TARGETED_DEVICE_FAMILY = "1,2";
			};
			name = Release;
		};
		ABE3933C2CD6A6EB00D5D6E9 /* Debug */ = {
			isa = XCBuildConfiguration;
			buildSettings = {
				ALWAYS_EMBED_SWIFT_STANDARD_LIBRARIES = YES;
				BUNDLE_LOADER = "$(TEST_HOST)";
				CODE_SIGN_STYLE = Automatic;
				CURRENT_PROJECT_VERSION = 1;
				GENERATE_INFOPLIST_FILE = YES;
				IPHONEOS_DEPLOYMENT_TARGET = 17.5;
				MARKETING_VERSION = 1.0;
				PRODUCT_BUNDLE_IDENTIFIER = me.f.alex.HandmadenTests;
				PRODUCT_NAME = "$(TARGET_NAME)";
				SWIFT_EMIT_LOC_STRINGS = NO;
				SWIFT_VERSION = 5.0;
				TARGETED_DEVICE_FAMILY = "1,2";
				TEST_HOST = "$(BUILT_PRODUCTS_DIR)/Handmaden.app/$(BUNDLE_EXECUTABLE_FOLDER_PATH)/Handmaden";
			};
			name = Debug;
		};
		ABE3933D2CD6A6EB00D5D6E9 /* Release */ = {
			isa = XCBuildConfiguration;
			buildSettings = {
				ALWAYS_EMBED_SWIFT_STANDARD_LIBRARIES = YES;
				BUNDLE_LOADER = "$(TEST_HOST)";
				CODE_SIGN_STYLE = Automatic;
				CURRENT_PROJECT_VERSION = 1;
				GENERATE_INFOPLIST_FILE = YES;
				IPHONEOS_DEPLOYMENT_TARGET = 17.5;
				MARKETING_VERSION = 1.0;
				PRODUCT_BUNDLE_IDENTIFIER = me.f.alex.HandmadenTests;
				PRODUCT_NAME = "$(TARGET_NAME)";
				SWIFT_EMIT_LOC_STRINGS = NO;
				SWIFT_VERSION = 5.0;
				TARGETED_DEVICE_FAMILY = "1,2";
				TEST_HOST = "$(BUILT_PRODUCTS_DIR)/Handmaden.app/$(BUNDLE_EXECUTABLE_FOLDER_PATH)/Handmaden";
			};
			name = Release;
		};
		ABE3933F2CD6A6EB00D5D6E9 /* Debug */ = {
			isa = XCBuildConfiguration;
			buildSettings = {
				ALWAYS_EMBED_SWIFT_STANDARD_LIBRARIES = YES;
				CODE_SIGN_STYLE = Automatic;
				CURRENT_PROJECT_VERSION = 1;
				GENERATE_INFOPLIST_FILE = YES;
				MARKETING_VERSION = 1.0;
				PRODUCT_BUNDLE_IDENTIFIER = me.f.alex.HandmadenUITests;
				PRODUCT_NAME = "$(TARGET_NAME)";
				SWIFT_EMIT_LOC_STRINGS = NO;
				SWIFT_VERSION = 5.0;
				TARGETED_DEVICE_FAMILY = "1,2";
				TEST_TARGET_NAME = Handmaden;
			};
			name = Debug;
		};
		ABE393402CD6A6EB00D5D6E9 /* Release */ = {
			isa = XCBuildConfiguration;
			buildSettings = {
				ALWAYS_EMBED_SWIFT_STANDARD_LIBRARIES = YES;
				CODE_SIGN_STYLE = Automatic;
				CURRENT_PROJECT_VERSION = 1;
				GENERATE_INFOPLIST_FILE = YES;
				MARKETING_VERSION = 1.0;
				PRODUCT_BUNDLE_IDENTIFIER = me.f.alex.HandmadenUITests;
				PRODUCT_NAME = "$(TARGET_NAME)";
				SWIFT_EMIT_LOC_STRINGS = NO;
				SWIFT_VERSION = 5.0;
				TARGETED_DEVICE_FAMILY = "1,2";
				TEST_TARGET_NAME = Handmaden;
			};
			name = Release;
		};
/* End XCBuildConfiguration section */

/* Begin XCConfigurationList section */
		ABE3930F2CD6A6E800D5D6E9 /* Build configuration list for PBXProject "Handmaden" */ = {
			isa = XCConfigurationList;
			buildConfigurations = (
				ABE393362CD6A6EB00D5D6E9 /* Debug */,
				ABE393372CD6A6EB00D5D6E9 /* Release */,
			);
			defaultConfigurationIsVisible = 0;
			defaultConfigurationName = Release;
		};
		ABE393382CD6A6EB00D5D6E9 /* Build configuration list for PBXNativeTarget "Handmaden" */ = {
			isa = XCConfigurationList;
			buildConfigurations = (
				ABE393392CD6A6EB00D5D6E9 /* Debug */,
				ABE3933A2CD6A6EB00D5D6E9 /* Release */,
			);
			defaultConfigurationIsVisible = 0;
			defaultConfigurationName = Release;
		};
		ABE3933B2CD6A6EB00D5D6E9 /* Build configuration list for PBXNativeTarget "HandmadenTests" */ = {
			isa = XCConfigurationList;
			buildConfigurations = (
				ABE3933C2CD6A6EB00D5D6E9 /* Debug */,
				ABE3933D2CD6A6EB00D5D6E9 /* Release */,
			);
			defaultConfigurationIsVisible = 0;
			defaultConfigurationName = Release;
		};
		ABE3933E2CD6A6EB00D5D6E9 /* Build configuration list for PBXNativeTarget "HandmadenUITests" */ = {
			isa = XCConfigurationList;
			buildConfigurations = (
				ABE3933F2CD6A6EB00D5D6E9 /* Debug */,
				ABE393402CD6A6EB00D5D6E9 /* Release */,
			);
			defaultConfigurationIsVisible = 0;
			defaultConfigurationName = Release;
		};
/* End XCConfigurationList section */

/* Begin XCRemoteSwiftPackageReference section */
		AB31E8942CD6FCD800AC7125 /* XCRemoteSwiftPackageReference "firebase-ios-sdk" */ = {
			isa = XCRemoteSwiftPackageReference;
			repositoryURL = "https://github.com/firebase/firebase-ios-sdk.git";
			requirement = {
				kind = upToNextMajorVersion;
				minimumVersion = 11.4.0;
			};
		};
/* End XCRemoteSwiftPackageReference section */

/* Begin XCSwiftPackageProductDependency section */
		AB31E8952CD6FCD800AC7125 /* FirebaseAnalytics */ = {
			isa = XCSwiftPackageProductDependency;
			package = AB31E8942CD6FCD800AC7125 /* XCRemoteSwiftPackageReference "firebase-ios-sdk" */;
			productName = FirebaseAnalytics;
		};
		AB31E8972CD6FCD800AC7125 /* FirebaseAnalyticsOnDeviceConversion */ = {
			isa = XCSwiftPackageProductDependency;
			package = AB31E8942CD6FCD800AC7125 /* XCRemoteSwiftPackageReference "firebase-ios-sdk" */;
			productName = FirebaseAnalyticsOnDeviceConversion;
		};
		AB31E8992CD6FCD800AC7125 /* FirebaseAnalyticsWithoutAdIdSupport */ = {
			isa = XCSwiftPackageProductDependency;
			package = AB31E8942CD6FCD800AC7125 /* XCRemoteSwiftPackageReference "firebase-ios-sdk" */;
			productName = FirebaseAnalyticsWithoutAdIdSupport;
		};
		AB31E89B2CD6FCD800AC7125 /* FirebaseAuth */ = {
			isa = XCSwiftPackageProductDependency;
			package = AB31E8942CD6FCD800AC7125 /* XCRemoteSwiftPackageReference "firebase-ios-sdk" */;
			productName = FirebaseAuth;
		};
		AB31E89D2CD6FCD800AC7125 /* FirebaseFirestore */ = {
			isa = XCSwiftPackageProductDependency;
			package = AB31E8942CD6FCD800AC7125 /* XCRemoteSwiftPackageReference "firebase-ios-sdk" */;
			productName = FirebaseFirestore;
		};
		AB31E89F2CD6FCD800AC7125 /* FirebaseFirestoreCombine-Community */ = {
			isa = XCSwiftPackageProductDependency;
			package = AB31E8942CD6FCD800AC7125 /* XCRemoteSwiftPackageReference "firebase-ios-sdk" */;
			productName = "FirebaseFirestoreCombine-Community";
		};
		AB31E8A12CD6FCD800AC7125 /* FirebaseStorage */ = {
			isa = XCSwiftPackageProductDependency;
			package = AB31E8942CD6FCD800AC7125 /* XCRemoteSwiftPackageReference "firebase-ios-sdk" */;
			productName = FirebaseStorage;
		};
/* End XCSwiftPackageProductDependency section */
	};
	rootObject = ABE3930C2CD6A6E800D5D6E9 /* Project object */;
}
